{
  "lockfileVersion": 1,
  "configVersion": 1,
  "workspaces": {
    "": {
      "name": "bsaf-kikikuru-bot",
      "dependencies": {
        "@atproto/api": "^0.20.5",
        "fast-xml-parser": "^4.5.0",
        "hono": "^4.6.0",
      },
      "devDependencies": {
        "@types/bun": "^1.1.13",
        "typescript": "^5.6.0",
      },
    },
  },
  "packages": {
    "@atproto/api": ["@atproto/api@0.20.6", "", { "dependencies": { "@atproto/common-web": "^0.5.0", "@atproto/lexicon": "^0.7.1", "@atproto/syntax": "^0.6.1", "@atproto/xrpc": "^0.8.0", "await-lock": "^3.0.0", "multiformats": "^13.0.0", "tlds": "^1.234.0", "zod": "^3.23.8" } }, "sha512-WnFPcUl+qZdXmt27+Tg93BDIvBt/WpXfLIiBzBTp3ms9aszM5hAsfc7G8KEsnsmnRvcm0xRfiKEjIt5FxTKdYg=="],

    "@atproto/common-web": ["@atproto/common-web@0.5.0", "", { "dependencies": { "@atproto/lex-data": "^0.1.0", "@atproto/lex-json": "^0.1.0", "@atproto/syntax": "^0.6.0", "zod": "^3.23.8" } }, "sha512-ReWnkuZdDU/74/I47gaI26uxQjHmpq4edp41NnZZQ5vIIKGb7Ei6pZHzDTUD9JURo109SKrPx9RMP2IQm0fOKA=="],

    "@atproto/lex-data": ["@atproto/lex-data@0.1.1", "", { "dependencies": { "multiformats": "^13.0.0", "tslib": "^2.8.1", "uint8arrays": "^5.0.0", "unicode-segmenter": "^0.14.0" } }, "sha512-/xza8nU/YhtzhETnHL3QKKofaJ28/0NCzhT7LaYoUkm8EgypWp5ykEtmW52yLhQM2JF6fVa25g1soQmNTGqtSg=="],

    "@atproto/lex-json": ["@atproto/lex-json@0.1.0", "", { "dependencies": { "@atproto/lex-data": "^0.1.0", "tslib": "^2.8.1" } }, "sha512-oWUrRMwFyWpmi/5k1Se3xBTbP06XdxBS5iFuUz9LmqItaPXwrWRD87a9ldPvINQ/A2/mn7J6/qug8sDVlhD+vQ=="],

    "@atproto/lexicon": ["@atproto/lexicon@0.7.1", "", { "dependencies": { "@atproto/common-web": "^0.5.0", "@atproto/syntax": "^0.6.1", "multiformats": "^13.0.0", "zod": "^3.23.8" } }, "sha512-voNfNED5KUxn3vpo7N5DMRblBDfWf7kSfdKhJFC1RrLCxg38YbBzzURNVQJ32bp13Oot8kYfyXBWxTgtKLvw8w=="],

    "@atproto/syntax": ["@atproto/syntax@0.6.1", "", { "dependencies": { "iso-datestring-validator": "^2.2.2", "tslib": "^2.8.1" } }, "sha512-kA4dQDoMPpWCH8N0Q4KoSq024u5MkVfDVa8DdhyLjGA72z/khbOf1jXKPv7NIL2oEc9aj7geKELdvqyf4ogopA=="],

    "@atproto/xrpc": ["@atproto/xrpc@0.8.0", "", { "dependencies": { "@atproto/lexicon": "^0.7.0", "zod": "^3.23.8" } }, "sha512-NJy02bIKrWlE2NQkRV1kT0Cj0ixbuxlF/MejBdo4cPWAa9v3oZexvAcjjb0zaOYeABkaU14iyIhvn2G4e/oLpw=="],

    "@types/bun": ["@types/bun@1.3.14", "", { "dependencies": { "bun-types": "1.3.14" } }, "sha512-h1hFqFVcvAvD9j9K7ZW7vd82aSA+rTdznZa+5bwvCwqSB1jmmfLcbIWhOLx1/+boy/xmjgCs/OMUL8hRJSmnPw=="],

    "@types/node": ["@types/node@25.9.1", "", { "dependencies": { "undici-types": ">=7.24.0 <7.24.7" } }, "sha512-xfrlY7UD5rMJk3ZVJP8BNzS28J36YJg+xp+LPXV1TdWxr8uMH5A860QNxYDGQe/ylDSgjxE52Q9VnO7p75tJxg=="],

    "await-lock": ["await-lock@3.0.0", "", {}, "sha512-eO6fLiSnrJrMdjWMNK8zbVRXPs2TKJg78iKZd9wDpN3na5tcoV6EoeiOlMgk2QaAQ1gIrK1YuMsJHXWqz89tSA=="],

    "bun-types": ["bun-types@1.3.14", "", { "dependencies": { "@types/node": "*" } }, "sha512-4N0ig0fEomHt5R0KCFWjovxow98rIoRwKolrYdCcknNwMekCXRnWEUvgu5soYV8QXtVsrUD8B95MBOZGPvr6KQ=="],

    "fast-xml-parser": ["fast-xml-parser@4.5.6", "", { "dependencies": { "strnum": "^1.0.5" }, "bin": { "fxparser": "src/cli/cli.js" } }, "sha512-Yd4vkROfJf8AuJrDIVMVmYfULKmIJszVsMv7Vo71aocsKgFxpdlpSHXSaInvyYfgw2PRuObQSW2GFpVMUjxu9A=="],

    "hono": ["hono@4.12.23", "", {}, "sha512-eIaZ9qDgu7XV0pxOCrg7/WhnQ6Ivm22UcxhXx/A3dcbqbbYgBEkc6e/J/s7j2tS96zoB0S9VBdLwQNCWwUo4LA=="],

    "iso-datestring-validator": ["iso-datestring-validator@2.2.2", "", {}, "sha512-yLEMkBbLZTlVQqOnQ4FiMujR6T4DEcCb1xizmvXS+OxuhwcbtynoosRzdMA69zZCShCNAbi+gJ71FxZBBXx1SA=="],

    "multiformats": ["multiformats@13.4.2", "", {}, "sha512-eh6eHCrRi1+POZ3dA+Dq1C6jhP1GNtr9CRINMb67OKzqW9I5DUuZM/3jLPlzhgpGeiNUlEGEbkCYChXMCc/8DQ=="],

    "strnum": ["strnum@1.1.2", "", {}, "sha512-vrN+B7DBIoTTZjnPNewwhx6cBA/H+IS7rfW68n7XxC1y7uoiGQBxaKzqucGUgavX15dJgiGztLJ8vxuEzwqBdA=="],

    "tlds": ["tlds@1.261.0", "", { "bin": { "tlds": "bin.js" } }, "sha512-QXqwfEl9ddlGBaRFXIvNKK6OhipSiLXuRuLJX5DErz0o0Q0rYxulWLdFryTkV5PkdZct5iMInwYEGe/eR++1AA=="],

    "tslib": ["tslib@2.8.1", "", {}, "sha512-oJFu94HQb+KVduSUQL7wnpmqnfmLsOA/nAh6b6EH0wCEoK0/mPeXU6c3wKDV83MkOuHPRHtSXKKU99IBazS/2w=="],

    "typescript": ["typescript@5.9.3", "", { "bin": { "tsc": "bin/tsc", "tsserver": "bin/tsserver" } }, "sha512-jl1vZzPDinLr9eUt3J/t7V6FgNEw9QjvBPdysz9KfQDD41fQrC2Y4vKQdiaUpFT4bXlb1RHhLpp8wtm6M5TgSw=="],

    "uint8arrays": ["uint8arrays@5.1.1", "", { "dependencies": { "multiformats": "^13.0.0" } }, "sha512-9muQwa4wZG4dKi9gMAIBtnk2Pw87SRpvWTH6lOGm19V2Uqxr4uomUf2PGqPnWc+qs06sN8owUU4jfcoWOcfwVQ=="],

    "undici-types": ["undici-types@7.24.6", "", {}, "sha512-WRNW+sJgj5OBN4/0JpHFqtqzhpbnV0GuB+OozA9gCL7a993SmU+1JBZCzLNxYsbMfIeDL+lTsphD5jN5N+n0zg=="],

    "unicode-segmenter": ["unicode-segmenter@0.14.5", "", {}, "sha512-jHGmj2LUuqDcX3hqY12Ql+uhUTn8huuxNZGq7GvtF6bSybzH3aFgedYu/KTzQStEgt1Ra2F3HxadNXsNjb3m3g=="],

    "zod": ["zod@3.25.76", "", {}, "sha512-gzUt/qt81nXsFGKIFcC3YnfEAx5NkunCfnDlvuBSSFS02bcXu4Lmea0AFIUwbLWxWPx3d9p8S5QoaujKcNQxcQ=="],
  }
}
